
Microsoft Visual Studio Solution File, Format Version 12.00
# Visual Studio Version 16
VisualStudioVersion = 16.0.29509.3
MinimumVisualStudioVersion = 10.0.40219.1
Project("{FAE04EC0-301F-11D3-BF4B-00C04F79EFBC}") = "Delegates", "Delegates.csproj", "{5D84BD64-5C56-4132-8797-208D9EEF9249}"
EndProject
Global
	GlobalSection(SolutionConfigurationPlatforms) = preSolution
		Debug|Any CPU = Debug|Any CPU
		Release|Any CPU = Release|Any CPU
	EndGlobalSection
	GlobalSection(ProjectConfigurationPlatforms) = postSolution
		{5D84BD64-5C56-4132-8797-208D9EEF9249}.Debug|Any CPU.ActiveCfg = Debug|Any CPU
		{5D84BD64-5C56-4132-8797-208D9EEF9249}.Debug|Any CPU.Build.0 = Debug|Any CPU
		{5D84BD64-5C56-4132-8797-208D9EEF9249}.Release|Any CPU.ActiveCfg = Release|Any CPU
		{5D84BD64-5C56-4132-8797-208D9EEF9249}.Release|Any CPU.Build.0 = Release|Any CPU
	EndGlobalSection
	GlobalSection(SolutionProperties) = preSolution
		HideSolutionNode = FALSE
	EndGlobalSection
	GlobalSection(ExtensibilityGlobals) = postSolution
		SolutionGuid = {956DC947-E024-4355-940C-778C804F98C7}
	EndGlobalSection
EndGlobal
